
Microsoft Visual Studio Solution File, Format Version 12.00
# Visual Studio Version 16
VisualStudioVersion = 16.0.30011.22
MinimumVisualStudioVersion = 10.0.40219.1
Project("{FAE04EC0-301F-11D3-BF4B-00C04F79EFBC}") = "WindowsFormsAutofacExample", "WindowsFormsAutofacExample\WindowsFormsAutofacExample.csproj", "{F867D54C-A4D9-40B3-9C79-A720ED39EAEA}"
EndProject
Global
	GlobalSection(SolutionConfigurationPlatforms) = preSolution
		Debug|Any CPU = Debug|Any CPU
		Release|Any CPU = Release|Any CPU
	EndGlobalSection
	GlobalSection(ProjectConfigurationPlatforms) = postSolution
		{F867D54C-A4D9-40B3-9C79-A720ED39EAEA}.Debug|Any CPU.ActiveCfg = Debug|Any CPU
		{F867D54C-A4D9-40B3-9C79-A720ED39EAEA}.Debug|Any CPU.Build.0 = Debug|Any CPU
		{F867D54C-A4D9-40B3-9C79-A720ED39EAEA}.Release|Any CPU.ActiveCfg = Release|Any CPU
		{F867D54C-A4D9-40B3-9C79-A720ED39EAEA}.Release|Any CPU.Build.0 = Release|Any CPU
	EndGlobalSection
	GlobalSection(SolutionProperties) = preSolution
		HideSolutionNode = FALSE
	EndGlobalSection
	GlobalSection(ExtensibilityGlobals) = postSolution
		SolutionGuid = {AEB22852-877F-4E01-B29E-D6652CA8BB65}
	EndGlobalSection
EndGlobal
